
Microsoft Visual Studio Solution File, Format Version 12.00
# Visual Studio Version 17
VisualStudioVersion = 17.14.36121.58
MinimumVisualStudioVersion = 10.0.40219.1
Project("{FAE04EC0-301F-11D3-BF4B-00C04F79EFBC}") = "RaccoonRESPDemo", "RaccoonRESPDemo\RaccoonRESPDemo.csproj", "{911FE411-9DE6-4AEE-B03C-361BA818FE52}"
EndProject
Project("{FAE04EC0-301F-11D3-BF4B-00C04F79EFBC}") = "RaccoonRESP.Core", "RaccoonRESP.Core\RaccoonRESP.Core.csproj", "{66D5BB21-708D-432E-82FE-91A953C9E25B}"
EndProject
Project("{FAE04EC0-301F-11D3-BF4B-00C04F79EFBC}") = "RaccoonRESPDemoHost", "RaccoonRESPDemoHost\RaccoonRESPDemoHost.csproj", "{008CDDAB-4821-44FA-9F17-3BC251DCD6E6}"
EndProject
Global
	GlobalSection(SolutionConfigurationPlatforms) = preSolution
		Debug|Any CPU = Debug|Any CPU
		Release|Any CPU = Release|Any CPU
	EndGlobalSection
	GlobalSection(ProjectConfigurationPlatforms) = postSolution
		{911FE411-9DE6-4AEE-B03C-361BA818FE52}.Debug|Any CPU.ActiveCfg = Debug|Any CPU
		{911FE411-9DE6-4AEE-B03C-361BA818FE52}.Debug|Any CPU.Build.0 = Debug|Any CPU
		{911FE411-9DE6-4AEE-B03C-361BA818FE52}.Release|Any CPU.ActiveCfg = Release|Any CPU
		{911FE411-9DE6-4AEE-B03C-361BA818FE52}.Release|Any CPU.Build.0 = Release|Any CPU
		{66D5BB21-708D-432E-82FE-91A953C9E25B}.Debug|Any CPU.ActiveCfg = Debug|Any CPU
		{66D5BB21-708D-432E-82FE-91A953C9E25B}.Debug|Any CPU.Build.0 = Debug|Any CPU
		{66D5BB21-708D-432E-82FE-91A953C9E25B}.Release|Any CPU.ActiveCfg = Release|Any CPU
		{66D5BB21-708D-432E-82FE-91A953C9E25B}.Release|Any CPU.Build.0 = Release|Any CPU
		{008CDDAB-4821-44FA-9F17-3BC251DCD6E6}.Debug|Any CPU.ActiveCfg = Debug|Any CPU
		{008CDDAB-4821-44FA-9F17-3BC251DCD6E6}.Debug|Any CPU.Build.0 = Debug|Any CPU
		{008CDDAB-4821-44FA-9F17-3BC251DCD6E6}.Release|Any CPU.ActiveCfg = Release|Any CPU
		{008CDDAB-4821-44FA-9F17-3BC251DCD6E6}.Release|Any CPU.Build.0 = Release|Any CPU
	EndGlobalSection
	GlobalSection(SolutionProperties) = preSolution
		HideSolutionNode = FALSE
	EndGlobalSection
	GlobalSection(ExtensibilityGlobals) = postSolution
		SolutionGuid = {1952139C-2A5B-466C-A134-D119FDE0B4CD}
	EndGlobalSection
EndGlobal
