
Microsoft Visual Studio Solution File, Format Version 12.00
# Visual Studio Version 17
VisualStudioVersion = 17.14.36121.58
MinimumVisualStudioVersion = 10.0.40219.1
Project("{FAE04EC0-301F-11D3-BF4B-00C04F79EFBC}") = "RaccoonRESPClientConsole", "RaccoonRESPClientConsole\RaccoonRESPClientConsole.csproj", "{911FE411-9DE6-4AEE-B03C-361BA818FE52}"
EndProject
Project("{FAE04EC0-301F-11D3-BF4B-00C04F79EFBC}") = "RaccoonRESPClientTest", "RaccoonRESPClientTest\RaccoonRESPClientTest.csproj", "{B2668031-C1DF-46EC-A932-CEE08FA2749C}"
EndProject
Project("{FAE04EC0-301F-11D3-BF4B-00C04F79EFBC}") = "RaccoonRESP.Core", "RaccoonRESPClient.Core\RaccoonRESP.Core.csproj", "{66D5BB21-708D-432E-82FE-91A953C9E25B}"
EndProject
Global
	GlobalSection(SolutionConfigurationPlatforms) = preSolution
		Debug|Any CPU = Debug|Any CPU
		Release|Any CPU = Release|Any CPU
	EndGlobalSection
	GlobalSection(ProjectConfigurationPlatforms) = postSolution
		{911FE411-9DE6-4AEE-B03C-361BA818FE52}.Debug|Any CPU.ActiveCfg = Debug|Any CPU
		{911FE411-9DE6-4AEE-B03C-361BA818FE52}.Debug|Any CPU.Build.0 = Debug|Any CPU
		{911FE411-9DE6-4AEE-B03C-361BA818FE52}.Release|Any CPU.ActiveCfg = Release|Any CPU
		{911FE411-9DE6-4AEE-B03C-361BA818FE52}.Release|Any CPU.Build.0 = Release|Any CPU
		{B2668031-C1DF-46EC-A932-CEE08FA2749C}.Debug|Any CPU.ActiveCfg = Debug|Any CPU
		{B2668031-C1DF-46EC-A932-CEE08FA2749C}.Debug|Any CPU.Build.0 = Debug|Any CPU
		{B2668031-C1DF-46EC-A932-CEE08FA2749C}.Release|Any CPU.ActiveCfg = Release|Any CPU
		{B2668031-C1DF-46EC-A932-CEE08FA2749C}.Release|Any CPU.Build.0 = Release|Any CPU
		{66D5BB21-708D-432E-82FE-91A953C9E25B}.Debug|Any CPU.ActiveCfg = Debug|Any CPU
		{66D5BB21-708D-432E-82FE-91A953C9E25B}.Debug|Any CPU.Build.0 = Debug|Any CPU
		{66D5BB21-708D-432E-82FE-91A953C9E25B}.Release|Any CPU.ActiveCfg = Release|Any CPU
		{66D5BB21-708D-432E-82FE-91A953C9E25B}.Release|Any CPU.Build.0 = Release|Any CPU
	EndGlobalSection
	GlobalSection(SolutionProperties) = preSolution
		HideSolutionNode = FALSE
	EndGlobalSection
	GlobalSection(ExtensibilityGlobals) = postSolution
		SolutionGuid = {1952139C-2A5B-466C-A134-D119FDE0B4CD}
	EndGlobalSection
EndGlobal
